
Microsoft Visual Studio Solution File, Format Version 12.00
# Visual Studio Version 17
VisualStudioVersion = 17.8.34511.84
MinimumVisualStudioVersion = 10.0.40219.1
Project("{FAE04EC0-301F-11D3-BF4B-00C04F79EFBC}") = "HomelessStatistics", "HomelessStatistics\HomelessStatistics.csproj", "{D693DB11-9433-4536-AD2E-18123D0241B3}"
EndProject
Global
	GlobalSection(SolutionConfigurationPlatforms) = preSolution
		Debug|Any CPU = Debug|Any CPU
		Release|Any CPU = Release|Any CPU
	EndGlobalSection
	GlobalSection(ProjectConfigurationPlatforms) = postSolution
		{D693DB11-9433-4536-AD2E-18123D0241B3}.Debug|Any CPU.ActiveCfg = Debug|Any CPU
		{D693DB11-9433-4536-AD2E-18123D0241B3}.Debug|Any CPU.Build.0 = Debug|Any CPU
		{D693DB11-9433-4536-AD2E-18123D0241B3}.Release|Any CPU.ActiveCfg = Release|Any CPU
		{D693DB11-9433-4536-AD2E-18123D0241B3}.Release|Any CPU.Build.0 = Release|Any CPU
	EndGlobalSection
	GlobalSection(SolutionProperties) = preSolution
		HideSolutionNode = FALSE
	EndGlobalSection
	GlobalSection(ExtensibilityGlobals) = postSolution
		SolutionGuid = {961E029B-54C9-4C6A-AB04-B3BBEE819744}
	EndGlobalSection
EndGlobal
