
Microsoft Visual Studio Solution File, Format Version 12.00
# Visual Studio Version 17
VisualStudioVersion = 17.8.34511.84
MinimumVisualStudioVersion = 10.0.40219.1
Project("{888888A0-9F3D-457C-B088-3A5042F75D52}") = "ReviewParser", "ReviewParser\ReviewParser.pyproj", "{2C8F5E04-833C-4555-9F0A-6925D787E3EB}"
EndProject
Global
	GlobalSection(SolutionConfigurationPlatforms) = preSolution
		Debug|Any CPU = Debug|Any CPU
		Release|Any CPU = Release|Any CPU
	EndGlobalSection
	GlobalSection(ProjectConfigurationPlatforms) = postSolution
		{2C8F5E04-833C-4555-9F0A-6925D787E3EB}.Debug|Any CPU.ActiveCfg = Debug|Any CPU
		{2C8F5E04-833C-4555-9F0A-6925D787E3EB}.Release|Any CPU.ActiveCfg = Release|Any CPU
	EndGlobalSection
	GlobalSection(SolutionProperties) = preSolution
		HideSolutionNode = FALSE
	EndGlobalSection
	GlobalSection(ExtensibilityGlobals) = postSolution
		SolutionGuid = {1BB115C4-FBC9-4B9E-8B72-4A4431E64325}
	EndGlobalSection
EndGlobal
